// !$*UTF8*$!
{
	archiveVersion = 1;
	classes = {
	};
	objectVersion = 50;
	objects = {

/* Begin PBXBuildFile section */
		2A3FB67E26322C5800B93E01 /* MasterViewController.swift in Sources */ = {isa = PBXBuildFile; fileRef = 2A3FB67D26322C5800B93E01 /* MasterViewController.swift */; };
		2A3FB6812632347B00B93E01 /* Country.swift in Sources */ = {isa = PBXBuildFile; fileRef = 2A3FB6802632347B00B93E01 /* Country.swift */; };
		2A3FB684263234C200B93E01 /* Place.swift in Sources */ = {isa = PBXBuildFile; fileRef = 2A3FB683263234C200B93E01 /* Place.swift */; };
		2A3FB6872632399A00B93E01 /* CollectionViewController.swift in Sources */ = {isa = PBXBuildFile; fileRef = 2A3FB6862632399A00B93E01 /* CollectionViewController.swift */; };
		2A3FB68A26323BE900B93E01 /* CollectionViewCell.swift in Sources */ = {isa = PBXBuildFile; fileRef = 2A3FB68926323BE900B93E01 /* CollectionViewCell.swift */; };
		2A80C84626322A0A00C70B9F /* AppDelegate.swift in Sources */ = {isa = PBXBuildFile; fileRef = 2A80C84526322A0A00C70B9F /* AppDelegate.swift */; };
		2A80C84826322A0A00C70B9F /* SceneDelegate.swift in Sources */ = {isa = PBXBuildFile; fileRef = 2A80C84726322A0A00C70B9F /* SceneDelegate.swift */; };
		2A80C84A26322A0A00C70B9F /* ViewController.swift in Sources */ = {isa = PBXBuildFile; fileRef = 2A80C84926322A0A00C70B9F /* ViewController.swift */; };
		2A80C84D26322A0A00C70B9F /* Main.storyboard in Resources */ = {isa = PBXBuildFile; fileRef = 2A80C84B26322A0A00C70B9F /* Main.storyboard */; };
		2A80C84F26322A0E00C70B9F /* Assets.xcassets in Resources */ = {isa = PBXBuildFile; fileRef = 2A80C84E26322A0E00C70B9F /* Assets.xcassets */; };
		2A80C85226322A0E00C70B9F /* LaunchScreen.storyboard in Resources */ = {isa = PBXBuildFile; fileRef = 2A80C85026322A0E00C70B9F /* LaunchScreen.storyboard */; };
		2AB7813A2633478800FF0872 /* FavoritesCollectionViewController.swift in Sources */ = {isa = PBXBuildFile; fileRef = 2AB781392633478800FF0872 /* FavoritesCollectionViewController.swift */; };
		2AB7813D263347E300FF0872 /* FavoritesCollectionViewCell.swift in Sources */ = {isa = PBXBuildFile; fileRef = 2AB7813C263347E300FF0872 /* FavoritesCollectionViewCell.swift */; };
		2AB781402633964D00FF0872 /* countries.json in Resources */ = {isa = PBXBuildFile; fileRef = 2AB7813F2633964D00FF0872 /* countries.json */; };
/* End PBXBuildFile section */

/* Begin PBXFileReference section */
		2A3FB67D26322C5800B93E01 /* MasterViewController.swift */ = {isa = PBXFileReference; lastKnownFileType = sourcecode.swift; path = MasterViewController.swift; sourceTree = "<group>"; };
		2A3FB6802632347B00B93E01 /* Country.swift */ = {isa = PBXFileReference; lastKnownFileType = sourcecode.swift; path = Country.swift; sourceTree = "<group>"; };
		2A3FB683263234C200B93E01 /* Place.swift */ = {isa = PBXFileReference; lastKnownFileType = sourcecode.swift; path = Place.swift; sourceTree = "<group>"; };
		2A3FB6862632399A00B93E01 /* CollectionViewController.swift */ = {isa = PBXFileReference; lastKnownFileType = sourcecode.swift; path = CollectionViewController.swift; sourceTree = "<group>"; };
		2A3FB68926323BE900B93E01 /* CollectionViewCell.swift */ = {isa = PBXFileReference; lastKnownFileType = sourcecode.swift; path = CollectionViewCell.swift; sourceTree = "<group>"; };
		2A80C84226322A0A00C70B9F /* HWProject2.app */ = {isa = PBXFileReference; explicitFileType = wrapper.application; includeInIndex = 0; path = HWProject2.app; sourceTree = BUILT_PRODUCTS_DIR; };
		2A80C84526322A0A00C70B9F /* AppDelegate.swift */ = {isa = PBXFileReference; lastKnownFileType = sourcecode.swift; path = AppDelegate.swift; sourceTree = "<group>"; };
		2A80C84726322A0A00C70B9F /* SceneDelegate.swift */ = {isa = PBXFileReference; lastKnownFileType = sourcecode.swift; path = SceneDelegate.swift; sourceTree = "<group>"; };
		2A80C84926322A0A00C70B9F /* ViewController.swift */ = {isa = PBXFileReference; lastKnownFileType = sourcecode.swift; path = ViewController.swift; sourceTree = "<group>"; };
		2A80C84C26322A0A00C70B9F /* Base */ = {isa = PBXFileReference; lastKnownFileType = file.storyboard; name = Base; path = Base.lproj/Main.storyboard; sourceTree = "<group>"; };
		2A80C84E26322A0E00C70B9F /* Assets.xcassets */ = {isa = PBXFileReference; lastKnownFileType = folder.assetcatalog; path = Assets.xcassets; sourceTree = "<group>"; };
		2A80C85126322A0E00C70B9F /* Base */ = {isa = PBXFileReference; lastKnownFileType = file.storyboard; name = Base; path = Base.lproj/LaunchScreen.storyboard; sourceTree = "<group>"; };
		2A80C85326322A0E00C70B9F /* Info.plist */ = {isa = PBXFileReference; lastKnownFileType = text.plist.xml; path = Info.plist; sourceTree = "<group>"; };
		2AB781392633478800FF0872 /* FavoritesCollectionViewController.swift */ = {isa = PBXFileReference; lastKnownFileType = sourcecode.swift; path = FavoritesCollectionViewController.swift; sourceTree = "<group>"; };
		2AB7813C263347E300FF0872 /* FavoritesCollectionViewCell.swift */ = {isa = PBXFileReference; lastKnownFileType = sourcecode.swift; path = FavoritesCollectionViewCell.swift; sourceTree = "<group>"; };
		2AB7813F2633964D00FF0872 /* countries.json */ = {isa = PBXFileReference; fileEncoding = 4; lastKnownFileType = text.json; path = countries.json; sourceTree = "<group>"; };
/* End PBXFileReference section */

/* Begin PBXFrameworksBuildPhase section */
		2A80C83F26322A0A00C70B9F /* Frameworks */ = {
			isa = PBXFrameworksBuildPhase;
			buildActionMask = 2147483647;
			files = (
			);
			runOnlyForDeploymentPostprocessing = 0;
		};
/* End PBXFrameworksBuildPhase section */

/* Begin PBXGroup section */
		2A80C83926322A0A00C70B9F = {
			isa = PBXGroup;
			children = (
				2A80C84426322A0A00C70B9F /* HWProject2 */,
				2A80C84326322A0A00C70B9F /* Products */,
			);
			sourceTree = "<group>";
		};
		2A80C84326322A0A00C70B9F /* Products */ = {
			isa = PBXGroup;
			children = (
				2A80C84226322A0A00C70B9F /* HWProject2.app */,
			);
			name = Products;
			sourceTree = "<group>";
		};
		2A80C84426322A0A00C70B9F /* HWProject2 */ = {
			isa = PBXGroup;
			children = (
				2AB7813F2633964D00FF0872 /* countries.json */,
				2A80C84526322A0A00C70B9F /* AppDelegate.swift */,
				2A80C84726322A0A00C70B9F /* SceneDelegate.swift */,
				2A80C84926322A0A00C70B9F /* ViewController.swift */,
				2A80C84B26322A0A00C70B9F /* Main.storyboard */,
				2A80C84E26322A0E00C70B9F /* Assets.xcassets */,
				2A80C85026322A0E00C70B9F /* LaunchScreen.storyboard */,
				2A80C85326322A0E00C70B9F /* Info.plist */,
				2A3FB67D26322C5800B93E01 /* MasterViewController.swift */,
				2A3FB6802632347B00B93E01 /* Country.swift */,
				2A3FB683263234C200B93E01 /* Place.swift */,
				2A3FB6862632399A00B93E01 /* CollectionViewController.swift */,
				2A3FB68926323BE900B93E01 /* CollectionViewCell.swift */,
				2AB781392633478800FF0872 /* FavoritesCollectionViewController.swift */,
				2AB7813C263347E300FF0872 /* FavoritesCollectionViewCell.swift */,
			);
			path = HWProject2;
			sourceTree = "<group>";
		};
/* End PBXGroup section */

/* Begin PBXNativeTarget section */
		2A80C84126322A0A00C70B9F /* HWProject2 */ = {
			isa = PBXNativeTarget;
			buildConfigurationList = 2A80C85626322A0E00C70B9F /* Build configuration list for PBXNativeTarget "HWProject2" */;
			buildPhases = (
				2A80C83E26322A0A00C70B9F /* Sources */,
				2A80C83F26322A0A00C70B9F /* Frameworks */,
				2A80C84026322A0A00C70B9F /* Resources */,
			);
			buildRules = (
			);
			dependencies = (
			);
			name = HWProject2;
			productName = HWProject2;
			productReference = 2A80C84226322A0A00C70B9F /* HWProject2.app */;
			productType = "com.apple.product-type.application";
		};
/* End PBXNativeTarget section */

/* Begin PBXProject section */
		2A80C83A26322A0A00C70B9F /* Project object */ = {
			isa = PBXProject;
			attributes = {
				LastSwiftUpdateCheck = 1240;
				LastUpgradeCheck = 1240;
				TargetAttributes = {
					2A80C84126322A0A00C70B9F = {
						CreatedOnToolsVersion = 12.4;
					};
				};
			};
			buildConfigurationList = 2A80C83D26322A0A00C70B9F /* Build configuration list for PBXProject "HWProject2" */;
			compatibilityVersion = "Xcode 9.3";
			developmentRegion = en;
			hasScannedForEncodings = 0;
			knownRegions = (
				en,
				Base,
			);
			mainGroup = 2A80C83926322A0A00C70B9F;
			productRefGroup = 2A80C84326322A0A00C70B9F /* Products */;
			projectDirPath = "";
			projectRoot = "";
			targets = (
				2A80C84126322A0A00C70B9F /* HWProject2 */,
			);
		};
/* End PBXProject section */

/* Begin PBXResourcesBuildPhase section */
		2A80C84026322A0A00C70B9F /* Resources */ = {
			isa = PBXResourcesBuildPhase;
			buildActionMask = 2147483647;
			files = (
				2A80C85226322A0E00C70B9F /* LaunchScreen.storyboard in Resources */,
				2A80C84F26322A0E00C70B9F /* Assets.xcassets in Resources */,
				2AB781402633964D00FF0872 /* countries.json in Resources */,
				2A80C84D26322A0A00C70B9F /* Main.storyboard in Resources */,
			);
			runOnlyForDeploymentPostprocessing = 0;
		};
/* End PBXResourcesBuildPhase section */

/* Begin PBXSourcesBuildPhase section */
		2A80C83E26322A0A00C70B9F /* Sources */ = {
			isa = PBXSourcesBuildPhase;
			buildActionMask = 2147483647;
			files = (
				2A3FB67E26322C5800B93E01 /* MasterViewController.swift in Sources */,
				2A80C84A26322A0A00C70B9F /* ViewController.swift in Sources */,
				2A3FB68A26323BE900B93E01 /* CollectionViewCell.swift in Sources */,
				2A80C84626322A0A00C70B9F /* AppDelegate.swift in Sources */,
				2AB7813A2633478800FF0872 /* FavoritesCollectionViewController.swift in Sources */,
				2A3FB684263234C200B93E01 /* Place.swift in Sources */,
				2A3FB6872632399A00B93E01 /* CollectionViewController.swift in Sources */,
				2A3FB6812632347B00B93E01 /* Country.swift in Sources */,
				2AB7813D263347E300FF0872 /* FavoritesCollectionViewCell.swift in Sources */,
				2A80C84826322A0A00C70B9F /* SceneDelegate.swift in Sources */,
			);
			runOnlyForDeploymentPostprocessing = 0;
		};
/* End PBXSourcesBuildPhase section */

/* Begin PBXVariantGroup section */
		2A80C84B26322A0A00C70B9F /* Main.storyboard */ = {
			isa = PBXVariantGroup;
			children = (
				2A80C84C26322A0A00C70B9F /* Base */,
			);
			name = Main.storyboard;
			sourceTree = "<group>";
		};
		2A80C85026322A0E00C70B9F /* LaunchScreen.storyboard */ = {
			isa = PBXVariantGroup;
			children = (
				2A80C85126322A0E00C70B9F /* Base */,
			);
			name = LaunchScreen.storyboard;
			sourceTree = "<group>";
		};
/* End PBXVariantGroup section */

/* Begin XCBuildConfiguration section */
		2A80C85426322A0E00C70B9F /* Debug */ = {
			isa = XCBuildConfiguration;
			buildSettings = {
				ALWAYS_SEARCH_USER_PATHS = NO;
				CLANG_ANALYZER_NONNULL = YES;
				CLANG_ANALYZER_NUMBER_OBJECT_CONVERSION = YES_AGGRESSIVE;
				CLANG_CXX_LANGUAGE_STANDARD = "gnu++14";
				CLANG_CXX_LIBRARY = "libc++";
				CLANG_ENABLE_MODULES = YES;
				CLANG_ENABLE_OBJC_ARC = YES;
				CLANG_ENABLE_OBJC_WEAK = YES;
				CLANG_WARN_BLOCK_CAPTURE_AUTORELEASING = YES;
				CLANG_WARN_BOOL_CONVERSION = YES;
				CLANG_WARN_COMMA = YES;
				CLANG_WARN_CONSTANT_CONVERSION = YES;
				CLANG_WARN_DEPRECATED_OBJC_IMPLEMENTATIONS = YES;
				CLANG_WARN_DIRECT_OBJC_ISA_USAGE = YES_ERROR;
				CLANG_WARN_DOCUMENTATION_COMMENTS = YES;
				CLANG_WARN_EMPTY_BODY = YES;
				CLANG_WARN_ENUM_CONVERSION = YES;
				CLANG_WARN_INFINITE_RECURSION = YES;
				CLANG_WARN_INT_CONVERSION = YES;
				CLANG_WARN_NON_LITERAL_NULL_CONVERSION = YES;
				CLANG_WARN_OBJC_IMPLICIT_RETAIN_SELF = YES;
				CLANG_WARN_OBJC_LITERAL_CONVERSION = YES;
				CLANG_WARN_OBJC_ROOT_CLASS = YES_ERROR;
				CLANG_WARN_QUOTED_INCLUDE_IN_FRAMEWORK_HEADER = YES;
				CLANG_WARN_RANGE_LOOP_ANALYSIS = YES;
				CLANG_WARN_STRICT_PROTOTYPES = YES;
				CLANG_WARN_SUSPICIOUS_MOVE = YES;
				CLANG_WARN_UNGUARDED_AVAILABILITY = YES_AGGRESSIVE;
				CLANG_WARN_UNREACHABLE_CODE = YES;
				CLANG_WARN__DUPLICATE_METHOD_MATCH = YES;
				COPY_PHASE_STRIP = NO;
				DEBUG_INFORMATION_FORMAT = dwarf;
				ENABLE_STRICT_OBJC_MSGSEND = YES;
				ENABLE_TESTABILITY = YES;
				GCC_C_LANGUAGE_STANDARD = gnu11;
				GCC_DYNAMIC_NO_PIC = NO;
				GCC_NO_COMMON_BLOCKS = YES;
				GCC_OPTIMIZATION_LEVEL = 0;
				GCC_PREPROCESSOR_DEFINITIONS = (
					"DEBUG=1",
					"$(inherited)",
				);
				GCC_WARN_64_TO_32_BIT_CONVERSION = YES;
				GCC_WARN_ABOUT_RETURN_TYPE = YES_ERROR;
				GCC_WARN_UNDECLARED_SELECTOR = YES;
				GCC_WARN_UNINITIALIZED_AUTOS = YES_AGGRESSIVE;
				GCC_WARN_UNUSED_FUNCTION = YES;
				GCC_WARN_UNUSED_VARIABLE = YES;
				IPHONEOS_DEPLOYMENT_TARGET = 14.4;
				MTL_ENABLE_DEBUG_INFO = INCLUDE_SOURCE;
				MTL_FAST_MATH = YES;
				ONLY_ACTIVE_ARCH = YES;
				SDKROOT = iphoneos;
				SWIFT_ACTIVE_COMPILATION_CONDITIONS = DEBUG;
				SWIFT_OPTIMIZATION_LEVEL = "-Onone";
			};
			name = Debug;
		};
		2A80C85526322A0E00C70B9F /* Release */ = {
			isa = XCBuildConfiguration;
			buildSettings = {
				ALWAYS_SEARCH_USER_PATHS = NO;
				CLANG_ANALYZER_NONNULL = YES;
				CLANG_ANALYZER_NUMBER_OBJECT_CONVERSION = YES_AGGRESSIVE;
				CLANG_CXX_LANGUAGE_STANDARD = "gnu++14";
				CLANG_CXX_LIBRARY = "libc++";
				CLANG_ENABLE_MODULES = YES;
				CLANG_ENABLE_OBJC_ARC = YES;
				CLANG_ENABLE_OBJC_WEAK = YES;
				CLANG_WARN_BLOCK_CAPTURE_AUTORELEASING = YES;
				CLANG_WARN_BOOL_CONVERSION = YES;
				CLANG_WARN_COMMA = YES;
				CLANG_WARN_CONSTANT_CONVERSION = YES;
				CLANG_WARN_DEPRECATED_OBJC_IMPLEMENTATIONS = YES;
				CLANG_WARN_DIRECT_OBJC_ISA_USAGE = YES_ERROR;
				CLANG_WARN_DOCUMENTATION_COMMENTS = YES;
				CLANG_WARN_EMPTY_BODY = YES;
				CLANG_WARN_ENUM_CONVERSION = YES;
				CLANG_WARN_INFINITE_RECURSION = YES;
				CLANG_WARN_INT_CONVERSION = YES;
				CLANG_WARN_NON_LITERAL_NULL_CONVERSION = YES;
				CLANG_WARN_OBJC_IMPLICIT_RETAIN_SELF = YES;
				CLANG_WARN_OBJC_LITERAL_CONVERSION = YES;
				CLANG_WARN_OBJC_ROOT_CLASS = YES_ERROR;
				CLANG_WARN_QUOTED_INCLUDE_IN_FRAMEWORK_HEADER = YES;
				CLANG_WARN_RANGE_LOOP_ANALYSIS = YES;
				CLANG_WARN_STRICT_PROTOTYPES = YES;
				CLANG_WARN_SUSPICIOUS_MOVE = YES;
				CLANG_WARN_UNGUARDED_AVAILABILITY = YES_AGGRESSIVE;
				CLANG_WARN_UNREACHABLE_CODE = YES;
				CLANG_WARN__DUPLICATE_METHOD_MATCH = YES;
				COPY_PHASE_STRIP = NO;
				DEBUG_INFORMATION_FORMAT = "dwarf-with-dsym";
				ENABLE_NS_ASSERTIONS = NO;
				ENABLE_STRICT_OBJC_MSGSEND = YES;
				GCC_C_LANGUAGE_STANDARD = gnu11;
				GCC_NO_COMMON_BLOCKS = YES;
				GCC_WARN_64_TO_32_BIT_CONVERSION = YES;
				GCC_WARN_ABOUT_RETURN_TYPE = YES_ERROR;
				GCC_WARN_UNDECLARED_SELECTOR = YES;
				GCC_WARN_UNINITIALIZED_AUTOS = YES_AGGRESSIVE;
				GCC_WARN_UNUSED_FUNCTION = YES;
				GCC_WARN_UNUSED_VARIABLE = YES;
				IPHONEOS_DEPLOYMENT_TARGET = 14.4;
				MTL_ENABLE_DEBUG_INFO = NO;
				MTL_FAST_MATH = YES;
				SDKROOT = iphoneos;
				SWIFT_COMPILATION_MODE = wholemodule;
				SWIFT_OPTIMIZATION_LEVEL = "-O";
				VALIDATE_PRODUCT = YES;
			};
			name = Release;
		};
		2A80C85726322A0E00C70B9F /* Debug */ = {
			isa = XCBuildConfiguration;
			buildSettings = {
				ASSETCATALOG_COMPILER_APPICON_NAME = AppIcon;
				ASSETCATALOG_COMPILER_GLOBAL_ACCENT_COLOR_NAME = AccentColor;
				CODE_SIGN_STYLE = Automatic;
				INFOPLIST_FILE = HWProject2/Info.plist;
				LD_RUNPATH_SEARCH_PATHS = (
					"$(inherited)",
					"@executable_path/Frameworks",
				);
				PRODUCT_BUNDLE_IDENTIFIER = com.TW.HWProject2;
				PRODUCT_NAME = "$(TARGET_NAME)";
				SWIFT_VERSION = 5.0;
				TARGETED_DEVICE_FAMILY = "1,2";
			};
			name = Debug;
		};
		2A80C85826322A0E00C70B9F /* Release */ = {
			isa = XCBuildConfiguration;
			buildSettings = {
				ASSETCATALOG_COMPILER_APPICON_NAME = AppIcon;
				ASSETCATALOG_COMPILER_GLOBAL_ACCENT_COLOR_NAME = AccentColor;
				CODE_SIGN_STYLE = Automatic;
				INFOPLIST_FILE = HWProject2/Info.plist;
				LD_RUNPATH_SEARCH_PATHS = (
					"$(inherited)",
					"@executable_path/Frameworks",
				);
				PRODUCT_BUNDLE_IDENTIFIER = com.TW.HWProject2;
				PRODUCT_NAME = "$(TARGET_NAME)";
				SWIFT_VERSION = 5.0;
				TARGETED_DEVICE_FAMILY = "1,2";
			};
			name = Release;
		};
/* End XCBuildConfiguration section */

/* Begin XCConfigurationList section */
		2A80C83D26322A0A00C70B9F /* Build configuration list for PBXProject "HWProject2" */ = {
			isa = XCConfigurationList;
			buildConfigurations = (
				2A80C85426322A0E00C70B9F /* Debug */,
				2A80C85526322A0E00C70B9F /* Release */,
			);
			defaultConfigurationIsVisible = 0;
			defaultConfigurationName = Release;
		};
		2A80C85626322A0E00C70B9F /* Build configuration list for PBXNativeTarget "HWProject2" */ = {
			isa = XCConfigurationList;
			buildConfigurations = (
				2A80C85726322A0E00C70B9F /* Debug */,
				2A80C85826322A0E00C70B9F /* Release */,
			);
			defaultConfigurationIsVisible = 0;
			defaultConfigurationName = Release;
		};
/* End XCConfigurationList section */
	};
	rootObject = 2A80C83A26322A0A00C70B9F /* Project object */;
}
